{
  "version": 4,
  "terraform_version": "1.14.3",
  "serial": 22,
  "lineage": "006ef070-e0ac-d9da-c7c2-198a746a515c",
  "outputs": {
    "connection_string_template": {
      "value": "mongodb+srv://careerpilot_app:Gr#atR3sp0nsibility@mongodb+srv://careerpilot-cluster.e6dt4mc.mongodb.net/?retryWrites=true\u0026w=majority\u0026tls=true",
      "type": "string",
      "sensitive": true
    }
  },
  "resources": [
    {
      "mode": "data",
      "type": "mongodbatlas_api_keys",
      "name": "org_keys",
      "provider": "provider[\"registry.terraform.io/mongodb/mongodbatlas\"]",
      "instances": [
        {
          "schema_version": 0,
          "attributes": {
            "id": "terraform-20260115135215134500000002",
            "items_per_page": null,
            "org_id": "6968d7acb1c5b89f8479bd08",
            "page_num": null,
            "results": [
              {
                "api_key_id": "6968dc358284483e4d2445cf",
                "description": "This account will create or delete any resources needed for the project career pilot - related to mongo or atlas cluster.",
                "public_key": "zkjaqbet",
                "role_names": [
                  "ORG_BILLING_ADMIN",
                  "ORG_BILLING_READ_ONLY",
                  "ORG_GROUP_CREATOR",
                  "ORG_MEMBER",
                  "ORG_OWNER",
                  "ORG_READ_ONLY",
                  "ORG_STREAM_PROCESSING_ADMIN"
                ]
              }
            ]
          },
          "sensitive_attributes": [],
          "identity_schema_version": 0
        }
      ]
    },
    {
      "mode": "data",
      "type": "mongodbatlas_organizations",
      "name": "current",
      "provider": "provider[\"registry.terraform.io/mongodb/mongodbatlas\"]",
      "instances": [
        {
          "schema_version": 0,
          "attributes": {
            "id": "terraform-20260115135214672700000001",
            "items_per_page": 20,
            "name": null,
            "page_num": 1,
            "results": [
              {
                "api_access_list_required": true,
                "gen_ai_features_enabled": true,
                "id": "6968d7acb1c5b89f8479bd08",
                "is_deleted": false,
                "links": [
                  {
                    "href": "https://cloud.mongodb.com/api/atlas/v2/orgs/6968d7acb1c5b89f8479bd08",
                    "rel": "self"
                  }
                ],
                "multi_factor_auth_required": false,
                "name": "CareerPilot",
                "restrict_employee_access": false,
                "security_contact": "niky.sway@gmail.com",
                "skip_default_alerts_settings": false
              }
            ],
            "total_count": 1
          },
          "sensitive_attributes": [],
          "identity_schema_version": 0
        }
      ]
    },
    {
      "mode": "managed",
      "type": "mongodbatlas_cluster",
      "name": "careerpilot",
      "provider": "provider[\"registry.terraform.io/mongodb/mongodbatlas\"]",
      "instances": [
        {
          "schema_version": 1,
          "attributes": {
            "accept_data_risks_and_force_replica_set_reconfig": "",
            "advanced_configuration": [
              {
                "change_stream_options_pre_and_post_images_expire_after_seconds": -1,
                "custom_openssl_cipher_config_tls12": [],
                "default_max_time_ms": 0,
                "default_read_concern": "",
                "default_write_concern": "",
                "fail_index_key_too_long": false,
                "javascript_enabled": true,
                "minimum_enabled_tls_protocol": "TLS1_2",
                "no_table_scan": false,
                "oplog_min_retention_hours": 0,
                "oplog_size_mb": 0,
                "sample_refresh_interval_bi_connector": 0,
                "sample_size_bi_connector": 0,
                "tls_cipher_config_mode": "DEFAULT",
                "transaction_lifetime_limit_seconds": 0
              }
            ],
            "auto_scaling_compute_enabled": false,
            "auto_scaling_compute_scale_down_enabled": false,
            "auto_scaling_disk_gb_enabled": null,
            "backing_provider_name": "AWS",
            "backup_enabled": false,
            "bi_connector_config": [
              {
                "enabled": false,
                "read_preference": "secondary"
              }
            ],
            "cloud_backup": null,
            "cluster_id": "6968ed04603a09baa00f51dd",
            "cluster_type": "REPLICASET",
            "connection_strings": [
              {
                "private": "",
                "private_endpoint": [],
                "private_srv": "",
                "standard": "mongodb://ac-f5aspkp-shard-00-00.e6dt4mc.mongodb.net:27017,ac-f5aspkp-shard-00-01.e6dt4mc.mongodb.net:27017,ac-f5aspkp-shard-00-02.e6dt4mc.mongodb.net:27017/?ssl=true\u0026authSource=admin\u0026replicaSet=atlas-bys0ky-shard-0",
                "standard_srv": "mongodb+srv://careerpilot-cluster.e6dt4mc.mongodb.net"
              }
            ],
            "container_id": null,
            "disk_size_gb": 0.5,
            "encryption_at_rest_provider": "NONE",
            "id": "Y2x1c3Rlcl9pZA==:Njk2OGVkMDQ2MDNhMDliYWEwMGY1MWRk-Y2x1c3Rlcl9uYW1l:Y2FyZWVycGlsb3QtY2x1c3Rlcg==-cHJvamVjdF9pZA==:Njk2OGRlYmE4YTQzODI1MzlhZTM2Njdk-cHJvdmlkZXJfbmFtZQ==:VEVOQU5U",
            "labels": [],
            "mongo_db_major_version": "7.0",
            "mongo_db_version": "8.0.17",
            "mongo_uri": "mongodb://ac-f5aspkp-shard-00-00.e6dt4mc.mongodb.net:27017,ac-f5aspkp-shard-00-01.e6dt4mc.mongodb.net:27017,ac-f5aspkp-shard-00-02.e6dt4mc.mongodb.net:27017",
            "mongo_uri_updated": "2026-01-15T13:35:09Z",
            "mongo_uri_with_options": "mongodb://ac-f5aspkp-shard-00-00.e6dt4mc.mongodb.net:27017,ac-f5aspkp-shard-00-01.e6dt4mc.mongodb.net:27017,ac-f5aspkp-shard-00-02.e6dt4mc.mongodb.net:27017/?ssl=true\u0026authSource=admin\u0026replicaSet=atlas-bys0ky-shard-0",
            "name": "careerpilot-cluster",
            "num_shards": 1,
            "paused": false,
            "pinned_fcv": [],
            "pit_enabled": false,
            "project_id": "6968deba8a4382539ae3667d",
            "provider_auto_scaling_compute_max_instance_size": "",
            "provider_auto_scaling_compute_min_instance_size": "",
            "provider_disk_iops": null,
            "provider_disk_type_name": "",
            "provider_encrypt_ebs_volume": null,
            "provider_encrypt_ebs_volume_flag": null,
            "provider_instance_size_name": "M0",
            "provider_name": "TENANT",
            "provider_region_name": "EU_WEST_1",
            "provider_volume_type": "",
            "redact_client_log_data": false,
            "replication_factor": 3,
            "replication_specs": [
              {
                "id": "6968ed04603a09baa00f510c",
                "num_shards": 1,
                "regions_config": [
                  {
                    "analytics_nodes": 0,
                    "electable_nodes": 3,
                    "priority": 7,
                    "read_only_nodes": 0,
                    "region_name": "EU_WEST_1"
                  }
                ],
                "zone_name": "Zone 1"
              }
            ],
            "retain_backups_enabled": null,
            "snapshot_backup_policy": [],
            "srv_address": "mongodb+srv://careerpilot-cluster.e6dt4mc.mongodb.net",
            "state_name": "IDLE",
            "tags": [],
            "termination_protection_enabled": false,
            "timeouts": null,
            "version_release_system": "LTS"
          },
          "sensitive_attributes": [],
          "identity_schema_version": 0,
          "private": "eyJlMmJmYjczMC1lY2FhLTExZTYtOGY4OC0zNDM2M2JjN2M0YzAiOnsiY3JlYXRlIjoxMDgwMDAwMDAwMDAwMCwiZGVsZXRlIjoxMDgwMDAwMDAwMDAwMCwidXBkYXRlIjoxMDgwMDAwMDAwMDAwMH0sInNjaGVtYV92ZXJzaW9uIjoiMSJ9",
          "dependencies": [
            "mongodbatlas_project.careerpilot",
            "mongodbatlas_project_ip_access_list.careerpilot_vm"
          ]
        }
      ]
    },
    {
      "mode": "managed",
      "type": "mongodbatlas_database_user",
      "name": "careerpilot_app",
      "provider": "provider[\"registry.terraform.io/mongodb/mongodbatlas\"]",
      "instances": [
        {
          "schema_version": 0,
          "attributes": {
            "auth_database_name": "admin",
            "aws_iam_type": "NONE",
            "description": null,
            "id": "YXV0aF9kYXRhYmFzZV9uYW1l:YWRtaW4=-cHJvamVjdF9pZA==:Njk2OGRlYmE4YTQzODI1MzlhZTM2Njdk-dXNlcm5hbWU=:Y2FyZWVycGlsb3RfYXBw",
            "labels": [],
            "ldap_auth_type": "NONE",
            "oidc_auth_type": "NONE",
            "password": "Gr#atR3sp0nsibility",
            "project_id": "6968deba8a4382539ae3667d",
            "roles": [
              {
                "collection_name": null,
                "database_name": "careerpilot",
                "role_name": "readWrite"
              }
            ],
            "scopes": [],
            "username": "careerpilot_app",
            "x509_type": "NONE"
          },
          "sensitive_attributes": [
            [
              {
                "type": "get_attr",
                "value": "password"
              }
            ]
          ],
          "identity_schema_version": 0,
          "dependencies": [
            "mongodbatlas_project.careerpilot"
          ]
        }
      ]
    },
    {
      "mode": "managed",
      "type": "mongodbatlas_project",
      "name": "careerpilot",
      "provider": "provider[\"registry.terraform.io/mongodb/mongodbatlas\"]",
      "instances": [
        {
          "schema_version": 0,
          "attributes": {
            "cluster_count": 1,
            "created": "2026-01-15T12:34:04Z",
            "id": "6968deba8a4382539ae3667d",
            "ip_addresses": {
              "services": {
                "clusters": [
                  {
                    "cluster_name": "careerpilot-cluster",
                    "inbound": [
                      "65.63.156.84",
                      "65.63.156.97",
                      "65.63.156.107"
                    ],
                    "outbound": [
                      "65.63.156.84",
                      "65.63.156.97",
                      "65.63.156.107"
                    ]
                  }
                ]
              }
            },
            "is_collect_database_specifics_statistics_enabled": true,
            "is_data_explorer_enabled": true,
            "is_extended_storage_sizes_enabled": false,
            "is_performance_advisor_enabled": true,
            "is_realtime_performance_panel_enabled": true,
            "is_schema_advisor_enabled": true,
            "is_slow_operation_thresholding_enabled": true,
            "limits": [],
            "name": "careerpilot-project",
            "org_id": "6968d7acb1c5b89f8479bd08",
            "project_owner_id": null,
            "region_usage_restrictions": null,
            "tags": null,
            "teams": [],
            "with_default_alerts_settings": true
          },
          "sensitive_attributes": [],
          "identity_schema_version": 0
        }
      ]
    },
    {
      "mode": "managed",
      "type": "mongodbatlas_project_ip_access_list",
      "name": "careerpilot_vm",
      "provider": "provider[\"registry.terraform.io/mongodb/mongodbatlas\"]",
      "instances": [
        {
          "schema_version": 0,
          "attributes": {
            "aws_security_group": "",
            "cidr_block": "5.38.30.193/32",
            "comment": "Atlantic.net VM for CareerPilot",
            "id": "ZW50cnk=:NS4zOC4zMC4xOTMvMzI=-cHJvamVjdF9pZA==:Njk2OGRlYmE4YTQzODI1MzlhZTM2Njdk",
            "ip_address": "5.38.30.193",
            "project_id": "6968deba8a4382539ae3667d",
            "timeouts": null
          },
          "sensitive_attributes": [],
          "identity_schema_version": 0,
          "dependencies": [
            "mongodbatlas_project.careerpilot"
          ]
        }
      ]
    },
    {
      "mode": "managed",
      "type": "null_resource",
      "name": "create_collection",
      "provider": "provider[\"registry.terraform.io/hashicorp/null\"]",
      "instances": [
        {
          "status": "tainted",
          "schema_version": 0,
          "attributes": {
            "id": "8063560955469496626",
            "triggers": null
          },
          "sensitive_attributes": [],
          "identity_schema_version": 0
        }
      ]
    }
  ],
  "check_results": null
}
